
Microsoft Visual Studio Solution File, Format Version 12.00
# Visual Studio Version 17
VisualStudioVersion = 17.5.2.0
MinimumVisualStudioVersion = 10.0.40219.1
Project("{2150E333-8FDC-42A3-9474-1A3956D46DE8}") = "HasicskyUtok", "HasicskyUtok", "{1ECF15D0-AE4F-D908-3503-5D289AC6260E}"
EndProject
Project("{FAE04EC0-301F-11D3-BF4B-00C04F79EFBC}") = "Hasicskyutok", "HasicskyUtok\Hasicskyutok.csproj", "{A7BA237C-3F1A-D764-9C38-DE5B3F311F6D}"
EndProject
Project("{FAE04EC0-301F-11D3-BF4B-00C04F79EFBC}") = "HasicskyUtok.Test", "HasicskyUtok.Test\HasicskyUtok.Test.csproj", "{2FB1E299-0EEB-4E78-B1F7-D58FC73A58D7}"
EndProject
Global
	GlobalSection(SolutionConfigurationPlatforms) = preSolution
		Debug|Any CPU = Debug|Any CPU
		Debug|x64 = Debug|x64
		Debug|x86 = Debug|x86
		Release|Any CPU = Release|Any CPU
		Release|x64 = Release|x64
		Release|x86 = Release|x86
	EndGlobalSection
	GlobalSection(ProjectConfigurationPlatforms) = postSolution
		{A7BA237C-3F1A-D764-9C38-DE5B3F311F6D}.Debug|Any CPU.ActiveCfg = Debug|Any CPU
		{A7BA237C-3F1A-D764-9C38-DE5B3F311F6D}.Debug|Any CPU.Build.0 = Debug|Any CPU
		{A7BA237C-3F1A-D764-9C38-DE5B3F311F6D}.Debug|x64.ActiveCfg = Debug|Any CPU
		{A7BA237C-3F1A-D764-9C38-DE5B3F311F6D}.Debug|x64.Build.0 = Debug|Any CPU
		{A7BA237C-3F1A-D764-9C38-DE5B3F311F6D}.Debug|x86.ActiveCfg = Debug|Any CPU
		{A7BA237C-3F1A-D764-9C38-DE5B3F311F6D}.Debug|x86.Build.0 = Debug|Any CPU
		{A7BA237C-3F1A-D764-9C38-DE5B3F311F6D}.Release|Any CPU.ActiveCfg = Release|Any CPU
		{A7BA237C-3F1A-D764-9C38-DE5B3F311F6D}.Release|Any CPU.Build.0 = Release|Any CPU
		{A7BA237C-3F1A-D764-9C38-DE5B3F311F6D}.Release|x64.ActiveCfg = Release|Any CPU
		{A7BA237C-3F1A-D764-9C38-DE5B3F311F6D}.Release|x64.Build.0 = Release|Any CPU
		{A7BA237C-3F1A-D764-9C38-DE5B3F311F6D}.Release|x86.ActiveCfg = Release|Any CPU
		{A7BA237C-3F1A-D764-9C38-DE5B3F311F6D}.Release|x86.Build.0 = Release|Any CPU
		{2FB1E299-0EEB-4E78-B1F7-D58FC73A58D7}.Debug|Any CPU.ActiveCfg = Debug|Any CPU
		{2FB1E299-0EEB-4E78-B1F7-D58FC73A58D7}.Debug|Any CPU.Build.0 = Debug|Any CPU
		{2FB1E299-0EEB-4E78-B1F7-D58FC73A58D7}.Debug|x64.ActiveCfg = Debug|Any CPU
		{2FB1E299-0EEB-4E78-B1F7-D58FC73A58D7}.Debug|x64.Build.0 = Debug|Any CPU
		{2FB1E299-0EEB-4E78-B1F7-D58FC73A58D7}.Debug|x86.ActiveCfg = Debug|Any CPU
		{2FB1E299-0EEB-4E78-B1F7-D58FC73A58D7}.Debug|x86.Build.0 = Debug|Any CPU
		{2FB1E299-0EEB-4E78-B1F7-D58FC73A58D7}.Release|Any CPU.ActiveCfg = Release|Any CPU
		{2FB1E299-0EEB-4E78-B1F7-D58FC73A58D7}.Release|Any CPU.Build.0 = Release|Any CPU
		{2FB1E299-0EEB-4E78-B1F7-D58FC73A58D7}.Release|x64.ActiveCfg = Release|Any CPU
		{2FB1E299-0EEB-4E78-B1F7-D58FC73A58D7}.Release|x64.Build.0 = Release|Any CPU
		{2FB1E299-0EEB-4E78-B1F7-D58FC73A58D7}.Release|x86.ActiveCfg = Release|Any CPU
		{2FB1E299-0EEB-4E78-B1F7-D58FC73A58D7}.Release|x86.Build.0 = Release|Any CPU
	EndGlobalSection
	GlobalSection(SolutionProperties) = preSolution
		HideSolutionNode = FALSE
	EndGlobalSection
	GlobalSection(NestedProjects) = preSolution
		{A7BA237C-3F1A-D764-9C38-DE5B3F311F6D} = {1ECF15D0-AE4F-D908-3503-5D289AC6260E}
	EndGlobalSection
	GlobalSection(ExtensibilityGlobals) = postSolution
		SolutionGuid = {C89EE7C0-4777-4F62-8AEB-370EB59CC44C}
	EndGlobalSection
EndGlobal
