Microsoft Visual Studio Solution File, Format Version 12.00
# Visual Studio Version 17
VisualStudioVersion = 17.5.2.0
MinimumVisualStudioVersion = 10.0.40219.1
Project("{FAE04EC0-301F-11D3-BF4B-00C04F79EFBC}") = "hasicskyutok", "hasicskyutok.csproj", "{D91C78F5-982D-5372-65F9-934F62E1416B}"
EndProject
Global
	GlobalSection(SolutionConfigurationPlatforms) = preSolution
		Debug|Any CPU = Debug|Any CPU
		Release|Any CPU = Release|Any CPU
	EndGlobalSection
	GlobalSection(ProjectConfigurationPlatforms) = postSolution
		{D91C78F5-982D-5372-65F9-934F62E1416B}.Debug|Any CPU.ActiveCfg = Debug|Any CPU
		{D91C78F5-982D-5372-65F9-934F62E1416B}.Debug|Any CPU.Build.0 = Debug|Any CPU
		{D91C78F5-982D-5372-65F9-934F62E1416B}.Release|Any CPU.ActiveCfg = Release|Any CPU
		{D91C78F5-982D-5372-65F9-934F62E1416B}.Release|Any CPU.Build.0 = Release|Any CPU
	EndGlobalSection
	GlobalSection(SolutionProperties) = preSolution
		HideSolutionNode = FALSE
	EndGlobalSection
	GlobalSection(ExtensibilityGlobals) = postSolution
		SolutionGuid = {BAD10717-2678-43D4-9BCF-8AD669E9D321}
	EndGlobalSection
EndGlobal
